
Microsoft Visual Studio Solution File, Format Version 12.00
# Visual Studio Version 17
VisualStudioVersion = 17.2.32519.379
MinimumVisualStudioVersion = 10.0.40219.1
Project("{FAE04EC0-301F-11D3-BF4B-00C04F79EFBC}") = "Default CORS", "Default CORS\Default CORS.csproj", "{5DCE7CD9-6E06-4356-B70B-35C139915D07}"
EndProject
Project("{FAE04EC0-301F-11D3-BF4B-00C04F79EFBC}") = "Testing CORS", "Testing CORS\Testing CORS.csproj", "{B2E307FB-5B0D-4A9B-858C-342C149263E9}"
EndProject
Global
	GlobalSection(SolutionConfigurationPlatforms) = preSolution
		Debug|Any CPU = Debug|Any CPU
		Release|Any CPU = Release|Any CPU
	EndGlobalSection
	GlobalSection(ProjectConfigurationPlatforms) = postSolution
		{5DCE7CD9-6E06-4356-B70B-35C139915D07}.Debug|Any CPU.ActiveCfg = Debug|Any CPU
		{5DCE7CD9-6E06-4356-B70B-35C139915D07}.Debug|Any CPU.Build.0 = Debug|Any CPU
		{5DCE7CD9-6E06-4356-B70B-35C139915D07}.Release|Any CPU.ActiveCfg = Release|Any CPU
		{5DCE7CD9-6E06-4356-B70B-35C139915D07}.Release|Any CPU.Build.0 = Release|Any CPU
		{B2E307FB-5B0D-4A9B-858C-342C149263E9}.Debug|Any CPU.ActiveCfg = Debug|Any CPU
		{B2E307FB-5B0D-4A9B-858C-342C149263E9}.Debug|Any CPU.Build.0 = Debug|Any CPU
		{B2E307FB-5B0D-4A9B-858C-342C149263E9}.Release|Any CPU.ActiveCfg = Release|Any CPU
		{B2E307FB-5B0D-4A9B-858C-342C149263E9}.Release|Any CPU.Build.0 = Release|Any CPU
	EndGlobalSection
	GlobalSection(SolutionProperties) = preSolution
		HideSolutionNode = FALSE
	EndGlobalSection
	GlobalSection(ExtensibilityGlobals) = postSolution
		SolutionGuid = {6B1B3C22-F7E4-4524-977B-3164FA804E73}
	EndGlobalSection
EndGlobal
